
Microsoft Visual Studio Solution File, Format Version 12.00
# Visual Studio Version 16
VisualStudioVersion = 16.0.29215.179
MinimumVisualStudioVersion = 10.0.40219.1
Project("{FAE04EC0-301F-11D3-BF4B-00C04F79EFBC}") = "TP_02.UI", "TP_01\TP_02.UI.csproj", "{6A18CF85-94C5-4868-A774-4BC6BB7E437E}"
EndProject
Project("{FAE04EC0-301F-11D3-BF4B-00C04F79EFBC}") = "TP_02.DataAccess", "TP_02.DataAccess\TP_02.DataAccess.csproj", "{8ED32EAA-FF79-4ECC-9A38-E7C6E9625D94}"
EndProject
Project("{FAE04EC0-301F-11D3-BF4B-00C04F79EFBC}") = "TP_02.Models", "TP_02.Models\TP_02.Models.csproj", "{1640908A-E7D2-431E-9830-9263DFEC927B}"
EndProject
Global
	GlobalSection(SolutionConfigurationPlatforms) = preSolution
		Debug|Any CPU = Debug|Any CPU
		Release|Any CPU = Release|Any CPU
	EndGlobalSection
	GlobalSection(ProjectConfigurationPlatforms) = postSolution
		{6A18CF85-94C5-4868-A774-4BC6BB7E437E}.Debug|Any CPU.ActiveCfg = Debug|Any CPU
		{6A18CF85-94C5-4868-A774-4BC6BB7E437E}.Debug|Any CPU.Build.0 = Debug|Any CPU
		{6A18CF85-94C5-4868-A774-4BC6BB7E437E}.Release|Any CPU.ActiveCfg = Release|Any CPU
		{6A18CF85-94C5-4868-A774-4BC6BB7E437E}.Release|Any CPU.Build.0 = Release|Any CPU
		{8ED32EAA-FF79-4ECC-9A38-E7C6E9625D94}.Debug|Any CPU.ActiveCfg = Debug|Any CPU
		{8ED32EAA-FF79-4ECC-9A38-E7C6E9625D94}.Debug|Any CPU.Build.0 = Debug|Any CPU
		{8ED32EAA-FF79-4ECC-9A38-E7C6E9625D94}.Release|Any CPU.ActiveCfg = Release|Any CPU
		{8ED32EAA-FF79-4ECC-9A38-E7C6E9625D94}.Release|Any CPU.Build.0 = Release|Any CPU
		{1640908A-E7D2-431E-9830-9263DFEC927B}.Debug|Any CPU.ActiveCfg = Debug|Any CPU
		{1640908A-E7D2-431E-9830-9263DFEC927B}.Debug|Any CPU.Build.0 = Debug|Any CPU
		{1640908A-E7D2-431E-9830-9263DFEC927B}.Release|Any CPU.ActiveCfg = Release|Any CPU
		{1640908A-E7D2-431E-9830-9263DFEC927B}.Release|Any CPU.Build.0 = Release|Any CPU
	EndGlobalSection
	GlobalSection(SolutionProperties) = preSolution
		HideSolutionNode = FALSE
	EndGlobalSection
	GlobalSection(ExtensibilityGlobals) = postSolution
		SolutionGuid = {1056DA70-E7A7-4C65-91D8-A44BC8716C24}
	EndGlobalSection
EndGlobal
